// !$*UTF8*$!
{
	archiveVersion = 1;
	classes = {
	};
	objectVersion = 50;
	objects = {

/* Begin PBXBuildFile section */
		412157F42489A3E2001369AC /* DataStorable.swift in Sources */ = {isa = PBXBuildFile; fileRef = 412157F32489A3E2001369AC /* DataStorable.swift */; };
		412D472A24893A4B0014C35D /* CircleGradientView.swift in Sources */ = {isa = PBXBuildFile; fileRef = 412D472924893A4B0014C35D /* CircleGradientView.swift */; };
		412D472C24893C370014C35D /* CircleThumbView.swift in Sources */ = {isa = PBXBuildFile; fileRef = 412D472B24893C370014C35D /* CircleThumbView.swift */; };
		412D4730248960130014C35D /* WheelPickable.swift in Sources */ = {isa = PBXBuildFile; fileRef = 412D472F248960130014C35D /* WheelPickable.swift */; };
		413436302488FF7100CB0095 /* WheelView.swift in Sources */ = {isa = PBXBuildFile; fileRef = 4134362F2488FF7100CB0095 /* WheelView.swift */; };
		413436322489003600CB0095 /* RadialDragModifier.swift in Sources */ = {isa = PBXBuildFile; fileRef = 413436312489003600CB0095 /* RadialDragModifier.swift */; };
		4139115E24844E2C00F2E0D5 /* PalettePickable.swift in Sources */ = {isa = PBXBuildFile; fileRef = 4139115D24844E2C00F2E0D5 /* PalettePickable.swift */; };
		413911612484551F00F2E0D5 /* SliderView.swift in Sources */ = {isa = PBXBuildFile; fileRef = 413911602484551F00F2E0D5 /* SliderView.swift */; };
		413911632484561000F2E0D5 /* DirectionalDragModifier.swift in Sources */ = {isa = PBXBuildFile; fileRef = 413911622484561000F2E0D5 /* DirectionalDragModifier.swift */; };
		4139116624845AF200F2E0D5 /* CMYKAExample.swift in Sources */ = {isa = PBXBuildFile; fileRef = 4139116524845AF200F2E0D5 /* CMYKAExample.swift */; };
		413C695F2482750B00F4A5A0 /* ColourModel.swift in Sources */ = {isa = PBXBuildFile; fileRef = 413C695E2482750B00F4A5A0 /* ColourModel.swift */; };
		413C69612482752B00F4A5A0 /* Extensions.swift in Sources */ = {isa = PBXBuildFile; fileRef = 413C69602482752B00F4A5A0 /* Extensions.swift */; };
		414087232482B0E90039F027 /* TransparencyCheckerboardView.swift in Sources */ = {isa = PBXBuildFile; fileRef = 414087222482B0E90039F027 /* TransparencyCheckerboardView.swift */; };
		4163DC842485BD9F002662DC /* CanvasView.swift in Sources */ = {isa = PBXBuildFile; fileRef = 4163DC832485BD9F002662DC /* CanvasView.swift */; };
		4163DC862485BEFD002662DC /* BidirectionalDragModifier.swift in Sources */ = {isa = PBXBuildFile; fileRef = 4163DC852485BEFD002662DC /* BidirectionalDragModifier.swift */; };
		4163DC8A2485C32C002662DC /* SliderPickable.swift in Sources */ = {isa = PBXBuildFile; fileRef = 4163DC892485C32C002662DC /* SliderPickable.swift */; };
		4163DC8E2485C3C2002662DC /* CanvasPickable.swift in Sources */ = {isa = PBXBuildFile; fileRef = 4163DC8D2485C3C2002662DC /* CanvasPickable.swift */; };
		4163DC902485C3DB002662DC /* DoubleGradientView.swift in Sources */ = {isa = PBXBuildFile; fileRef = 4163DC8F2485C3DB002662DC /* DoubleGradientView.swift */; };
		4164CE8B2484185C009DA810 /* PaletteView.swift in Sources */ = {isa = PBXBuildFile; fileRef = 4164CE8A2484185C009DA810 /* PaletteView.swift */; };
		416FBDE0248581EA0069BE53 /* SliderThumbView.swift in Sources */ = {isa = PBXBuildFile; fileRef = 416FBDDF248581EA0069BE53 /* SliderThumbView.swift */; };
		4171323C24804E1800F59D4E /* AppDelegate.swift in Sources */ = {isa = PBXBuildFile; fileRef = 4171323B24804E1800F59D4E /* AppDelegate.swift */; };
		4171323E24804E1800F59D4E /* SceneDelegate.swift in Sources */ = {isa = PBXBuildFile; fileRef = 4171323D24804E1800F59D4E /* SceneDelegate.swift */; };
		4171324024804E1800F59D4E /* ContentView.swift in Sources */ = {isa = PBXBuildFile; fileRef = 4171323F24804E1800F59D4E /* ContentView.swift */; };
		4171324224804E1900F59D4E /* Assets.xcassets in Resources */ = {isa = PBXBuildFile; fileRef = 4171324124804E1900F59D4E /* Assets.xcassets */; };
		4171324524804E1900F59D4E /* Preview Assets.xcassets in Resources */ = {isa = PBXBuildFile; fileRef = 4171324424804E1900F59D4E /* Preview Assets.xcassets */; };
		4171324824804E1900F59D4E /* LaunchScreen.storyboard in Resources */ = {isa = PBXBuildFile; fileRef = 4171324624804E1900F59D4E /* LaunchScreen.storyboard */; };
		4171325024804E2600F59D4E /* Enums.swift in Sources */ = {isa = PBXBuildFile; fileRef = 4171324F24804E2600F59D4E /* Enums.swift */; };
		4171325224804E4300F59D4E /* ColourPicker.swift in Sources */ = {isa = PBXBuildFile; fileRef = 4171325124804E4300F59D4E /* ColourPicker.swift */; };
		41A5BB472483D3910073B4C6 /* PreviewColourView.swift in Sources */ = {isa = PBXBuildFile; fileRef = 41A5BB462483D3910073B4C6 /* PreviewColourView.swift */; };
/* End PBXBuildFile section */

/* Begin PBXFileReference section */
		412157F32489A3E2001369AC /* DataStorable.swift */ = {isa = PBXFileReference; lastKnownFileType = sourcecode.swift; path = DataStorable.swift; sourceTree = "<group>"; };
		412D472924893A4B0014C35D /* CircleGradientView.swift */ = {isa = PBXFileReference; lastKnownFileType = sourcecode.swift; path = CircleGradientView.swift; sourceTree = "<group>"; };
		412D472B24893C370014C35D /* CircleThumbView.swift */ = {isa = PBXFileReference; lastKnownFileType = sourcecode.swift; path = CircleThumbView.swift; sourceTree = "<group>"; };
		412D472F248960130014C35D /* WheelPickable.swift */ = {isa = PBXFileReference; lastKnownFileType = sourcecode.swift; path = WheelPickable.swift; sourceTree = "<group>"; };
		4134362F2488FF7100CB0095 /* WheelView.swift */ = {isa = PBXFileReference; lastKnownFileType = sourcecode.swift; path = WheelView.swift; sourceTree = "<group>"; };
		413436312489003600CB0095 /* RadialDragModifier.swift */ = {isa = PBXFileReference; lastKnownFileType = sourcecode.swift; path = RadialDragModifier.swift; sourceTree = "<group>"; };
		4139115D24844E2C00F2E0D5 /* PalettePickable.swift */ = {isa = PBXFileReference; lastKnownFileType = sourcecode.swift; path = PalettePickable.swift; sourceTree = "<group>"; };
		413911602484551F00F2E0D5 /* SliderView.swift */ = {isa = PBXFileReference; lastKnownFileType = sourcecode.swift; path = SliderView.swift; sourceTree = "<group>"; };
		413911622484561000F2E0D5 /* DirectionalDragModifier.swift */ = {isa = PBXFileReference; lastKnownFileType = sourcecode.swift; path = DirectionalDragModifier.swift; sourceTree = "<group>"; };
		4139116524845AF200F2E0D5 /* CMYKAExample.swift */ = {isa = PBXFileReference; lastKnownFileType = sourcecode.swift; path = CMYKAExample.swift; sourceTree = "<group>"; };
		413C695E2482750B00F4A5A0 /* ColourModel.swift */ = {isa = PBXFileReference; lastKnownFileType = sourcecode.swift; path = ColourModel.swift; sourceTree = "<group>"; };
		413C69602482752B00F4A5A0 /* Extensions.swift */ = {isa = PBXFileReference; lastKnownFileType = sourcecode.swift; path = Extensions.swift; sourceTree = "<group>"; };
		414087222482B0E90039F027 /* TransparencyCheckerboardView.swift */ = {isa = PBXFileReference; lastKnownFileType = sourcecode.swift; path = TransparencyCheckerboardView.swift; sourceTree = "<group>"; };
		4163DC832485BD9F002662DC /* CanvasView.swift */ = {isa = PBXFileReference; lastKnownFileType = sourcecode.swift; path = CanvasView.swift; sourceTree = "<group>"; };
		4163DC852485BEFD002662DC /* BidirectionalDragModifier.swift */ = {isa = PBXFileReference; lastKnownFileType = sourcecode.swift; path = BidirectionalDragModifier.swift; sourceTree = "<group>"; };
		4163DC892485C32C002662DC /* SliderPickable.swift */ = {isa = PBXFileReference; lastKnownFileType = sourcecode.swift; path = SliderPickable.swift; sourceTree = "<group>"; };
		4163DC8D2485C3C2002662DC /* CanvasPickable.swift */ = {isa = PBXFileReference; lastKnownFileType = sourcecode.swift; path = CanvasPickable.swift; sourceTree = "<group>"; };
		4163DC8F2485C3DB002662DC /* DoubleGradientView.swift */ = {isa = PBXFileReference; lastKnownFileType = sourcecode.swift; path = DoubleGradientView.swift; sourceTree = "<group>"; };
		4164CE8A2484185C009DA810 /* PaletteView.swift */ = {isa = PBXFileReference; lastKnownFileType = sourcecode.swift; path = PaletteView.swift; sourceTree = "<group>"; };
		416FBDDF248581EA0069BE53 /* SliderThumbView.swift */ = {isa = PBXFileReference; lastKnownFileType = sourcecode.swift; path = SliderThumbView.swift; sourceTree = "<group>"; };
		4171323824804E1800F59D4E /* ColourPicker.app */ = {isa = PBXFileReference; explicitFileType = wrapper.application; includeInIndex = 0; path = ColourPicker.app; sourceTree = BUILT_PRODUCTS_DIR; };
		4171323B24804E1800F59D4E /* AppDelegate.swift */ = {isa = PBXFileReference; lastKnownFileType = sourcecode.swift; path = AppDelegate.swift; sourceTree = "<group>"; };
		4171323D24804E1800F59D4E /* SceneDelegate.swift */ = {isa = PBXFileReference; lastKnownFileType = sourcecode.swift; path = SceneDelegate.swift; sourceTree = "<group>"; };
		4171323F24804E1800F59D4E /* ContentView.swift */ = {isa = PBXFileReference; lastKnownFileType = sourcecode.swift; path = ContentView.swift; sourceTree = "<group>"; };
		4171324124804E1900F59D4E /* Assets.xcassets */ = {isa = PBXFileReference; lastKnownFileType = folder.assetcatalog; path = Assets.xcassets; sourceTree = "<group>"; };
		4171324424804E1900F59D4E /* Preview Assets.xcassets */ = {isa = PBXFileReference; lastKnownFileType = folder.assetcatalog; path = "Preview Assets.xcassets"; sourceTree = "<group>"; };
		4171324724804E1900F59D4E /* Base */ = {isa = PBXFileReference; lastKnownFileType = file.storyboard; name = Base; path = Base.lproj/LaunchScreen.storyboard; sourceTree = "<group>"; };
		4171324924804E1900F59D4E /* Info.plist */ = {isa = PBXFileReference; lastKnownFileType = text.plist.xml; path = Info.plist; sourceTree = "<group>"; };
		4171324F24804E2600F59D4E /* Enums.swift */ = {isa = PBXFileReference; lastKnownFileType = sourcecode.swift; path = Enums.swift; sourceTree = "<group>"; };
		4171325124804E4300F59D4E /* ColourPicker.swift */ = {isa = PBXFileReference; lastKnownFileType = sourcecode.swift; path = ColourPicker.swift; sourceTree = "<group>"; };
		41A5BB462483D3910073B4C6 /* PreviewColourView.swift */ = {isa = PBXFileReference; lastKnownFileType = sourcecode.swift; path = PreviewColourView.swift; sourceTree = "<group>"; };
/* End PBXFileReference section */

/* Begin PBXFrameworksBuildPhase section */
		4171323524804E1800F59D4E /* Frameworks */ = {
			isa = PBXFrameworksBuildPhase;
			buildActionMask = 2147483647;
			files = (
			);
			runOnlyForDeploymentPostprocessing = 0;
		};
/* End PBXFrameworksBuildPhase section */

/* Begin PBXGroup section */
		412157F22489A3B8001369AC /* Model */ = {
			isa = PBXGroup;
			children = (
				413C695E2482750B00F4A5A0 /* ColourModel.swift */,
				412157F32489A3E2001369AC /* DataStorable.swift */,
			);
			path = Model;
			sourceTree = "<group>";
		};
		4139115F2484550A00F2E0D5 /* Slider */ = {
			isa = PBXGroup;
			children = (
				413911602484551F00F2E0D5 /* SliderView.swift */,
				413911622484561000F2E0D5 /* DirectionalDragModifier.swift */,
				416FBDDF248581EA0069BE53 /* SliderThumbView.swift */,
				4163DC892485C32C002662DC /* SliderPickable.swift */,
			);
			path = Slider;
			sourceTree = "<group>";
		};
		4139116424845ABF00F2E0D5 /* #Examples */ = {
			isa = PBXGroup;
			children = (
				4139116524845AF200F2E0D5 /* CMYKAExample.swift */,
			);
			path = "#Examples";
			sourceTree = "<group>";
		};
		4163DC802485B75D002662DC /* Canvas */ = {
			isa = PBXGroup;
			children = (
				4163DC832485BD9F002662DC /* CanvasView.swift */,
				4163DC852485BEFD002662DC /* BidirectionalDragModifier.swift */,
				4163DC8D2485C3C2002662DC /* CanvasPickable.swift */,
				4163DC8F2485C3DB002662DC /* DoubleGradientView.swift */,
			);
			path = Canvas;
			sourceTree = "<group>";
		};
		4163DC812485B780002662DC /* Wheel */ = {
			isa = PBXGroup;
			children = (
				4134362F2488FF7100CB0095 /* WheelView.swift */,
				413436312489003600CB0095 /* RadialDragModifier.swift */,
				412D472924893A4B0014C35D /* CircleGradientView.swift */,
				412D472F248960130014C35D /* WheelPickable.swift */,
			);
			path = Wheel;
			sourceTree = "<group>";
		};
		4163DC822485B7A0002662DC /* Picker Components */ = {
			isa = PBXGroup;
			children = (
				412D472B24893C370014C35D /* CircleThumbView.swift */,
				41A5BB462483D3910073B4C6 /* PreviewColourView.swift */,
				414087222482B0E90039F027 /* TransparencyCheckerboardView.swift */,
				4163DC802485B75D002662DC /* Canvas */,
				4164CE9024842A08009DA810 /* Palette */,
				4139115F2484550A00F2E0D5 /* Slider */,
				4163DC812485B780002662DC /* Wheel */,
			);
			path = "Picker Components";
			sourceTree = "<group>";
		};
		4164CE9024842A08009DA810 /* Palette */ = {
			isa = PBXGroup;
			children = (
				4164CE8A2484185C009DA810 /* PaletteView.swift */,
				4139115D24844E2C00F2E0D5 /* PalettePickable.swift */,
			);
			path = Palette;
			sourceTree = "<group>";
		};
		4171322F24804E1800F59D4E = {
			isa = PBXGroup;
			children = (
				4171323A24804E1800F59D4E /* ColourPicker */,
				4171323924804E1800F59D4E /* Products */,
			);
			sourceTree = "<group>";
		};
		4171323924804E1800F59D4E /* Products */ = {
			isa = PBXGroup;
			children = (
				4171323824804E1800F59D4E /* ColourPicker.app */,
			);
			name = Products;
			sourceTree = "<group>";
		};
		4171323A24804E1800F59D4E /* ColourPicker */ = {
			isa = PBXGroup;
			children = (
				412157F22489A3B8001369AC /* Model */,
				4163DC822485B7A0002662DC /* Picker Components */,
				4139116424845ABF00F2E0D5 /* #Examples */,
				4171323B24804E1800F59D4E /* AppDelegate.swift */,
				4171324124804E1900F59D4E /* Assets.xcassets */,
				4171325124804E4300F59D4E /* ColourPicker.swift */,
				4171323F24804E1800F59D4E /* ContentView.swift */,
				4171324F24804E2600F59D4E /* Enums.swift */,
				413C69602482752B00F4A5A0 /* Extensions.swift */,
				4171324924804E1900F59D4E /* Info.plist */,
				4171324624804E1900F59D4E /* LaunchScreen.storyboard */,
				4171324324804E1900F59D4E /* Preview Content */,
				4171323D24804E1800F59D4E /* SceneDelegate.swift */,
			);
			path = ColourPicker;
			sourceTree = "<group>";
		};
		4171324324804E1900F59D4E /* Preview Content */ = {
			isa = PBXGroup;
			children = (
				4171324424804E1900F59D4E /* Preview Assets.xcassets */,
			);
			path = "Preview Content";
			sourceTree = "<group>";
		};
/* End PBXGroup section */

/* Begin PBXNativeTarget section */
		4171323724804E1800F59D4E /* ColourPicker */ = {
			isa = PBXNativeTarget;
			buildConfigurationList = 4171324C24804E1900F59D4E /* Build configuration list for PBXNativeTarget "ColourPicker" */;
			buildPhases = (
				4171323424804E1800F59D4E /* Sources */,
				4171323524804E1800F59D4E /* Frameworks */,
				4171323624804E1800F59D4E /* Resources */,
			);
			buildRules = (
			);
			dependencies = (
			);
			name = ColourPicker;
			productName = ColourPicker;
			productReference = 4171323824804E1800F59D4E /* ColourPicker.app */;
			productType = "com.apple.product-type.application";
		};
/* End PBXNativeTarget section */

/* Begin PBXProject section */
		4171323024804E1800F59D4E /* Project object */ = {
			isa = PBXProject;
			attributes = {
				LastSwiftUpdateCheck = 1150;
				LastUpgradeCheck = 1150;
				ORGANIZATIONNAME = "Rob Sturgeon";
				TargetAttributes = {
					4171323724804E1800F59D4E = {
						CreatedOnToolsVersion = 11.5;
					};
				};
			};
			buildConfigurationList = 4171323324804E1800F59D4E /* Build configuration list for PBXProject "ColourPicker" */;
			compatibilityVersion = "Xcode 9.3";
			developmentRegion = en;
			hasScannedForEncodings = 0;
			knownRegions = (
				en,
				Base,
			);
			mainGroup = 4171322F24804E1800F59D4E;
			productRefGroup = 4171323924804E1800F59D4E /* Products */;
			projectDirPath = "";
			projectRoot = "";
			targets = (
				4171323724804E1800F59D4E /* ColourPicker */,
			);
		};
/* End PBXProject section */

/* Begin PBXResourcesBuildPhase section */
		4171323624804E1800F59D4E /* Resources */ = {
			isa = PBXResourcesBuildPhase;
			buildActionMask = 2147483647;
			files = (
				4171324824804E1900F59D4E /* LaunchScreen.storyboard in Resources */,
				4171324524804E1900F59D4E /* Preview Assets.xcassets in Resources */,
				4171324224804E1900F59D4E /* Assets.xcassets in Resources */,
			);
			runOnlyForDeploymentPostprocessing = 0;
		};
/* End PBXResourcesBuildPhase section */

/* Begin PBXSourcesBuildPhase section */
		4171323424804E1800F59D4E /* Sources */ = {
			isa = PBXSourcesBuildPhase;
			buildActionMask = 2147483647;
			files = (
				412D4730248960130014C35D /* WheelPickable.swift in Sources */,
				4171323C24804E1800F59D4E /* AppDelegate.swift in Sources */,
				4163DC8A2485C32C002662DC /* SliderPickable.swift in Sources */,
				413911612484551F00F2E0D5 /* SliderView.swift in Sources */,
				413911632484561000F2E0D5 /* DirectionalDragModifier.swift in Sources */,
				414087232482B0E90039F027 /* TransparencyCheckerboardView.swift in Sources */,
				412D472C24893C370014C35D /* CircleThumbView.swift in Sources */,
				412157F42489A3E2001369AC /* DataStorable.swift in Sources */,
				4164CE8B2484185C009DA810 /* PaletteView.swift in Sources */,
				413436322489003600CB0095 /* RadialDragModifier.swift in Sources */,
				412D472A24893A4B0014C35D /* CircleGradientView.swift in Sources */,
				4163DC862485BEFD002662DC /* BidirectionalDragModifier.swift in Sources */,
				413C695F2482750B00F4A5A0 /* ColourModel.swift in Sources */,
				4171325224804E4300F59D4E /* ColourPicker.swift in Sources */,
				4139116624845AF200F2E0D5 /* CMYKAExample.swift in Sources */,
				4139115E24844E2C00F2E0D5 /* PalettePickable.swift in Sources */,
				4171323E24804E1800F59D4E /* SceneDelegate.swift in Sources */,
				4171325024804E2600F59D4E /* Enums.swift in Sources */,
				4163DC902485C3DB002662DC /* DoubleGradientView.swift in Sources */,
				4171324024804E1800F59D4E /* ContentView.swift in Sources */,
				413436302488FF7100CB0095 /* WheelView.swift in Sources */,
				413C69612482752B00F4A5A0 /* Extensions.swift in Sources */,
				416FBDE0248581EA0069BE53 /* SliderThumbView.swift in Sources */,
				41A5BB472483D3910073B4C6 /* PreviewColourView.swift in Sources */,
				4163DC8E2485C3C2002662DC /* CanvasPickable.swift in Sources */,
				4163DC842485BD9F002662DC /* CanvasView.swift in Sources */,
			);
			runOnlyForDeploymentPostprocessing = 0;
		};
/* End PBXSourcesBuildPhase section */

/* Begin PBXVariantGroup section */
		4171324624804E1900F59D4E /* LaunchScreen.storyboard */ = {
			isa = PBXVariantGroup;
			children = (
				4171324724804E1900F59D4E /* Base */,
			);
			name = LaunchScreen.storyboard;
			sourceTree = "<group>";
		};
/* End PBXVariantGroup section */

/* Begin XCBuildConfiguration section */
		4171324A24804E1900F59D4E /* Debug */ = {
			isa = XCBuildConfiguration;
			buildSettings = {
				ALWAYS_SEARCH_USER_PATHS = NO;
				CLANG_ANALYZER_NONNULL = YES;
				CLANG_ANALYZER_NUMBER_OBJECT_CONVERSION = YES_AGGRESSIVE;
				CLANG_CXX_LANGUAGE_STANDARD = "gnu++14";
				CLANG_CXX_LIBRARY = "libc++";
				CLANG_ENABLE_MODULES = YES;
				CLANG_ENABLE_OBJC_ARC = YES;
				CLANG_ENABLE_OBJC_WEAK = YES;
				CLANG_WARN_BLOCK_CAPTURE_AUTORELEASING = YES;
				CLANG_WARN_BOOL_CONVERSION = YES;
				CLANG_WARN_COMMA = YES;
				CLANG_WARN_CONSTANT_CONVERSION = YES;
				CLANG_WARN_DEPRECATED_OBJC_IMPLEMENTATIONS = YES;
				CLANG_WARN_DIRECT_OBJC_ISA_USAGE = YES_ERROR;
				CLANG_WARN_DOCUMENTATION_COMMENTS = YES;
				CLANG_WARN_EMPTY_BODY = YES;
				CLANG_WARN_ENUM_CONVERSION = YES;
				CLANG_WARN_INFINITE_RECURSION = YES;
				CLANG_WARN_INT_CONVERSION = YES;
				CLANG_WARN_NON_LITERAL_NULL_CONVERSION = YES;
				CLANG_WARN_OBJC_IMPLICIT_RETAIN_SELF = YES;
				CLANG_WARN_OBJC_LITERAL_CONVERSION = YES;
				CLANG_WARN_OBJC_ROOT_CLASS = YES_ERROR;
				CLANG_WARN_RANGE_LOOP_ANALYSIS = YES;
				CLANG_WARN_STRICT_PROTOTYPES = YES;
				CLANG_WARN_SUSPICIOUS_MOVE = YES;
				CLANG_WARN_UNGUARDED_AVAILABILITY = YES_AGGRESSIVE;
				CLANG_WARN_UNREACHABLE_CODE = YES;
				CLANG_WARN__DUPLICATE_METHOD_MATCH = YES;
				COPY_PHASE_STRIP = NO;
				DEBUG_INFORMATION_FORMAT = dwarf;
				ENABLE_STRICT_OBJC_MSGSEND = YES;
				ENABLE_TESTABILITY = YES;
				GCC_C_LANGUAGE_STANDARD = gnu11;
				GCC_DYNAMIC_NO_PIC = NO;
				GCC_NO_COMMON_BLOCKS = YES;
				GCC_OPTIMIZATION_LEVEL = 0;
				GCC_PREPROCESSOR_DEFINITIONS = (
					"DEBUG=1",
					"$(inherited)",
				);
				GCC_WARN_64_TO_32_BIT_CONVERSION = YES;
				GCC_WARN_ABOUT_RETURN_TYPE = YES_ERROR;
				GCC_WARN_UNDECLARED_SELECTOR = YES;
				GCC_WARN_UNINITIALIZED_AUTOS = YES_AGGRESSIVE;
				GCC_WARN_UNUSED_FUNCTION = YES;
				GCC_WARN_UNUSED_VARIABLE = YES;
				IPHONEOS_DEPLOYMENT_TARGET = 13.5;
				MTL_ENABLE_DEBUG_INFO = INCLUDE_SOURCE;
				MTL_FAST_MATH = YES;
				ONLY_ACTIVE_ARCH = YES;
				SDKROOT = iphoneos;
				SWIFT_ACTIVE_COMPILATION_CONDITIONS = DEBUG;
				SWIFT_OPTIMIZATION_LEVEL = "-Onone";
			};
			name = Debug;
		};
		4171324B24804E1900F59D4E /* Release */ = {
			isa = XCBuildConfiguration;
			buildSettings = {
				ALWAYS_SEARCH_USER_PATHS = NO;
				CLANG_ANALYZER_NONNULL = YES;
				CLANG_ANALYZER_NUMBER_OBJECT_CONVERSION = YES_AGGRESSIVE;
				CLANG_CXX_LANGUAGE_STANDARD = "gnu++14";
				CLANG_CXX_LIBRARY = "libc++";
				CLANG_ENABLE_MODULES = YES;
				CLANG_ENABLE_OBJC_ARC = YES;
				CLANG_ENABLE_OBJC_WEAK = YES;
				CLANG_WARN_BLOCK_CAPTURE_AUTORELEASING = YES;
				CLANG_WARN_BOOL_CONVERSION = YES;
				CLANG_WARN_COMMA = YES;
				CLANG_WARN_CONSTANT_CONVERSION = YES;
				CLANG_WARN_DEPRECATED_OBJC_IMPLEMENTATIONS = YES;
				CLANG_WARN_DIRECT_OBJC_ISA_USAGE = YES_ERROR;
				CLANG_WARN_DOCUMENTATION_COMMENTS = YES;
				CLANG_WARN_EMPTY_BODY = YES;
				CLANG_WARN_ENUM_CONVERSION = YES;
				CLANG_WARN_INFINITE_RECURSION = YES;
				CLANG_WARN_INT_CONVERSION = YES;
				CLANG_WARN_NON_LITERAL_NULL_CONVERSION = YES;
				CLANG_WARN_OBJC_IMPLICIT_RETAIN_SELF = YES;
				CLANG_WARN_OBJC_LITERAL_CONVERSION = YES;
				CLANG_WARN_OBJC_ROOT_CLASS = YES_ERROR;
				CLANG_WARN_RANGE_LOOP_ANALYSIS = YES;
				CLANG_WARN_STRICT_PROTOTYPES = YES;
				CLANG_WARN_SUSPICIOUS_MOVE = YES;
				CLANG_WARN_UNGUARDED_AVAILABILITY = YES_AGGRESSIVE;
				CLANG_WARN_UNREACHABLE_CODE = YES;
				CLANG_WARN__DUPLICATE_METHOD_MATCH = YES;
				COPY_PHASE_STRIP = NO;
				DEBUG_INFORMATION_FORMAT = "dwarf-with-dsym";
				ENABLE_NS_ASSERTIONS = NO;
				ENABLE_STRICT_OBJC_MSGSEND = YES;
				GCC_C_LANGUAGE_STANDARD = gnu11;
				GCC_NO_COMMON_BLOCKS = YES;
				GCC_WARN_64_TO_32_BIT_CONVERSION = YES;
				GCC_WARN_ABOUT_RETURN_TYPE = YES_ERROR;
				GCC_WARN_UNDECLARED_SELECTOR = YES;
				GCC_WARN_UNINITIALIZED_AUTOS = YES_AGGRESSIVE;
				GCC_WARN_UNUSED_FUNCTION = YES;
				GCC_WARN_UNUSED_VARIABLE = YES;
				IPHONEOS_DEPLOYMENT_TARGET = 13.5;
				MTL_ENABLE_DEBUG_INFO = NO;
				MTL_FAST_MATH = YES;
				SDKROOT = iphoneos;
				SWIFT_COMPILATION_MODE = wholemodule;
				SWIFT_OPTIMIZATION_LEVEL = "-O";
				VALIDATE_PRODUCT = YES;
			};
			name = Release;
		};
		4171324D24804E1900F59D4E /* Debug */ = {
			isa = XCBuildConfiguration;
			buildSettings = {
				ASSETCATALOG_COMPILER_APPICON_NAME = AppIcon;
				CODE_SIGN_STYLE = Automatic;
				DEVELOPMENT_ASSET_PATHS = "\"ColourPicker/Preview Content\"";
				DEVELOPMENT_TEAM = G3J2MVF9M9;
				ENABLE_PREVIEWS = YES;
				INFOPLIST_FILE = ColourPicker/Info.plist;
				LD_RUNPATH_SEARCH_PATHS = (
					"$(inherited)",
					"@executable_path/Frameworks",
				);
				PRODUCT_BUNDLE_IDENTIFIER = com.example.ColourPicker;
				PRODUCT_NAME = "$(TARGET_NAME)";
				SWIFT_VERSION = 5.0;
				TARGETED_DEVICE_FAMILY = "1,2";
			};
			name = Debug;
		};
		4171324E24804E1900F59D4E /* Release */ = {
			isa = XCBuildConfiguration;
			buildSettings = {
				ASSETCATALOG_COMPILER_APPICON_NAME = AppIcon;
				CODE_SIGN_STYLE = Automatic;
				DEVELOPMENT_ASSET_PATHS = "\"ColourPicker/Preview Content\"";
				DEVELOPMENT_TEAM = G3J2MVF9M9;
				ENABLE_PREVIEWS = YES;
				INFOPLIST_FILE = ColourPicker/Info.plist;
				LD_RUNPATH_SEARCH_PATHS = (
					"$(inherited)",
					"@executable_path/Frameworks",
				);
				PRODUCT_BUNDLE_IDENTIFIER = com.example.ColourPicker;
				PRODUCT_NAME = "$(TARGET_NAME)";
				SWIFT_VERSION = 5.0;
				TARGETED_DEVICE_FAMILY = "1,2";
			};
			name = Release;
		};
/* End XCBuildConfiguration section */

/* Begin XCConfigurationList section */
		4171323324804E1800F59D4E /* Build configuration list for PBXProject "ColourPicker" */ = {
			isa = XCConfigurationList;
			buildConfigurations = (
				4171324A24804E1900F59D4E /* Debug */,
				4171324B24804E1900F59D4E /* Release */,
			);
			defaultConfigurationIsVisible = 0;
			defaultConfigurationName = Release;
		};
		4171324C24804E1900F59D4E /* Build configuration list for PBXNativeTarget "ColourPicker" */ = {
			isa = XCConfigurationList;
			buildConfigurations = (
				4171324D24804E1900F59D4E /* Debug */,
				4171324E24804E1900F59D4E /* Release */,
			);
			defaultConfigurationIsVisible = 0;
			defaultConfigurationName = Release;
		};
/* End XCConfigurationList section */
	};
	rootObject = 4171323024804E1800F59D4E /* Project object */;
}
